PODS:
  - Ads-Global (8.1.0.8):
    - Ads-Global/BUAdSDK (= 8.1.0.8)
  - Ads-Global/BUAdSDK (8.1.0.8):
    - Ads-Global/PangleSDK
    - Ads-Global/TikTokBusinessSDK
  - Ads-Global/PangleSDK (8.1.0.8)
  - Ads-Global/TikTokBusinessSDK (8.1.0.8)
  - AppLovinSDK (13.6.4)
  - AppLovinYandexMobileAdsAdapters (13.6.4.0):
    - AppLovinSDK (~> 13.6.4)
    - YandexMobileAds (~> 8.5.0)
  - AppMetricaAdSupport (6.6.0):
    - AppMetricaCore (= 6.6.0)
    - AppMetricaCoreExtension (= 6.6.0)
  - AppMetricaCore (6.6.0):
    - AppMetricaCoreUtils (= 6.6.0)
    - AppMetricaEncodingUtils (= 6.6.0)
    - AppMetricaFMDB (= 6.6.0)
    - AppMetricaHostState (= 6.6.0)
    - AppMetricaIdentifiers (= 6.6.0)
    - AppMetricaKeychain (= 6.6.0)
    - AppMetricaLog (= 6.6.0)
    - AppMetricaNetwork (= 6.6.0)
    - AppMetricaPlatform (= 6.6.0)
    - AppMetricaProtobuf (= 6.6.0)
    - AppMetricaProtobufUtils (= 6.6.0)
    - AppMetricaStorageUtils (= 6.6.0)
  - AppMetricaCoreExtension (6.6.0):
    - AppMetricaCore (= 6.6.0)
    - AppMetricaStorageUtils (= 6.6.0)
  - AppMetricaCoreUtils (6.6.0):
    - AppMetricaLog (= 6.6.0)
  - AppMetricaCrashes (6.6.0):
    - AppMetricaCore (= 6.6.0)
    - AppMetricaCoreExtension (= 6.6.0)
    - AppMetricaCoreUtils (= 6.6.0)
    - AppMetricaEncodingUtils (= 6.6.0)
    - AppMetricaHostState (= 6.6.0)
    - AppMetricaLog (= 6.6.0)
    - AppMetricaPlatform (= 6.6.0)
    - AppMetricaProtobufUtils (= 6.6.0)
    - AppMetricaStorageUtils (= 6.6.0)
    - KSCrash/Recording (< 2.6.0, >= 2.5.1)
  - AppMetricaEncodingUtils (6.6.0):
    - AppMetricaCoreUtils (= 6.6.0)
    - AppMetricaLog (= 6.6.0)
    - AppMetricaPlatform (= 6.6.0)
  - AppMetricaFMDB (6.6.0)
  - AppMetricaHostState (6.6.0):
    - AppMetricaCoreUtils (= 6.6.0)
    - AppMetricaLog (= 6.6.0)
  - AppMetricaIdentifiers (6.6.0):
    - AppMetricaKeychain (= 6.6.0)
    - AppMetricaLogSwift (= 6.6.0)
    - AppMetricaPlatform (= 6.6.0)
    - AppMetricaStorageUtils (= 6.6.0)
    - AppMetricaSynchronization (= 6.6.0)
  - AppMetricaIDSync (6.6.0):
    - AppMetricaCore (= 6.6.0)
    - AppMetricaCoreExtension (= 6.6.0)
    - AppMetricaCoreUtils (= 6.6.0)
    - AppMetricaLog (= 6.6.0)
    - AppMetricaNetwork (= 6.6.0)
    - AppMetricaPlatform (= 6.6.0)
    - AppMetricaStorageUtils (= 6.6.0)
  - AppMetricaKeychain (6.6.0):
    - AppMetricaCoreUtils (= 6.6.0)
    - AppMetricaLog (= 6.6.0)
    - AppMetricaStorageUtils (= 6.6.0)
  - AppMetricaLibraryAdapter (6.6.0):
    - AppMetricaCore (= 6.6.0)
    - AppMetricaCoreExtension (= 6.6.0)
  - AppMetricaLog (6.6.0)
  - AppMetricaLogSwift (6.6.0):
    - AppMetricaLog (= 6.6.0)
  - AppMetricaNetwork (6.6.0):
    - AppMetricaCoreUtils (= 6.6.0)
    - AppMetricaLog (= 6.6.0)
    - AppMetricaPlatform (= 6.6.0)
  - AppMetricaPlatform (6.6.0):
    - AppMetricaCoreUtils (= 6.6.0)
    - AppMetricaLog (= 6.6.0)
  - AppMetricaProtobuf (6.6.0)
  - AppMetricaProtobufUtils (6.6.0):
    - AppMetricaProtobuf (= 6.6.0)
  - AppMetricaStorageUtils (6.6.0):
    - AppMetricaCoreUtils (= 6.6.0)
    - AppMetricaLog (= 6.6.0)
  - AppMetricaSynchronization (6.6.0):
    - AppMetricaLogSwift (= 6.6.0)
  - BidMachine (3.5.1):
    - BidMachine/Static (= 3.5.1)
  - BidMachine/Static (3.5.1):
    - StackModules/Static (~> 3.4.2)
  - BigoADS (5.0.6)
  - BigoADSYandexMobileAdsAdapters (5.0.6.5):
    - BigoADS (~> 5.0.6)
    - YandexMobileAds (~> 8.5.0)
  - ChartboostSDK (9.13.0)
  - ChartboostYandexMobileAdsAdapters (9.13.0.1):
    - ChartboostSDK (~> 9.13.0)
    - YandexMobileAds (~> 8.5.0)
  - DigitalTurbineYandexMobileAdsAdapters (8.4.8.1):
    - Fyber_Marketplace_SDK (~> 8.4.8)
    - YandexMobileAds (~> 8.5.0)
  - FBAudienceNetwork (6.21.1)
  - Fyber_Marketplace_SDK (8.4.8)
  - Google-Mobile-Ads-SDK (13.8.0):
    - GoogleUserMessagingPlatform (>= 1.1)
  - GoogleUserMessagingPlatform (3.1.0)
  - GoogleYandexMobileAdsAdapters (13.8.0.0):
    - Google-Mobile-Ads-SDK (~> 13.8.0)
    - YandexMobileAds (~> 8.5.0)
  - InMobiSDK (11.4.0)
  - InMobiYandexMobileAdsAdapters (11.4.0.1):
    - InMobiSDK (~> 11.4.0)
    - YandexMobileAds (~> 8.5.0)
  - IronSourceAdMobAdapter (5.13.0.0):
    - Google-Mobile-Ads-SDK (= 13.8.0)
    - IronSourceSDK/Ads (~> 9.0)
  - IronSourceAdQualitySDK (9.9.0)
  - IronSourceAppLovinAdapter (5.9.0.0):
    - AppLovinSDK (= 13.6.4)
    - IronSourceSDK/Ads (~> 9.0)
  - IronSourceBidMachineAdapter (5.2.0.0):
    - BidMachine (= 3.5.1)
    - IronSourceSDK/Ads (~> 9.0)
  - IronSourceBigoAdapter (5.3.0.0):
    - BigoADS (= 5.0.6)
    - IronSourceSDK/Ads (~> 9.0)
  - IronSourceChartboostAdapter (5.6.0.0):
    - ChartboostSDK (= 9.13.0)
    - IronSourceSDK/Ads (~> 9.0)
  - IronSourceFacebookAdapter (5.3.0.0):
    - FBAudienceNetwork (= 6.21.1)
    - IronSourceSDK/Ads (~> 9.0)
  - IronSourceFyberAdapter (5.9.0.0):
    - Fyber_Marketplace_SDK (= 8.4.8)
    - IronSourceSDK/Ads (~> 9.0)
  - IronSourceInMobiAdapter (5.8.0.0):
    - InMobiSDK (= 11.4.0)
    - IronSourceSDK/Ads (~> 9.0)
  - IronSourceMintegralAdapter (5.7.0.0):
    - IronSourceSDK/Ads (~> 9.0)
    - MintegralAdSDK (= 8.0.7)
  - IronSourceMolocoAdapter (5.16.0.0):
    - IronSourceSDK/Ads (~> 9.0)
    - MolocoSDKiOS (= 4.9.0)
  - IronSourceMyTargetAdapter (5.3.0.0):
    - IronSourceSDK/Ads (~> 9.0)
    - myTargetSDK (= 5.36.2)
  - IronSourcePangleAdapter (5.28.0.0):
    - Ads-Global (= 8.1.0.8)
    - IronSourceSDK/Ads (~> 9.0)
  - IronSourceSDK (9.3.0.1):
    - IronSourceSDK/AdQuality (= 9.3.0.1)
    - IronSourceSDK/Ads (= 9.3.0.1)
  - IronSourceSDK/AdQuality (9.3.0.1):
    - IronSourceAdQualitySDK (~> 9)
  - IronSourceSDK/Ads (9.3.0.1)
  - IronSourceUnityAdsAdapter (5.11.0.0):
    - IronSourceSDK/Ads (~> 9.0)
    - UnityAds (= 4.20.0)
  - IronSourceVungleAdapter (5.11.0.0):
    - IronSourceSDK/Ads (~> 9.0)
    - VungleAds (= 7.7.5)
  - IronSourceYandexMobileAdsAdapters (9.3.0.5):
    - IronSourceSDK (~> 9.3.0.0)
    - YandexMobileAds (~> 8.5.0)
  - KSCrash/Core (2.5.1)
  - KSCrash/Recording (2.5.1):
    - KSCrash/RecordingCore
  - KSCrash/RecordingCore (2.5.1):
    - KSCrash/Core
  - MintegralAdSDK (8.0.7):
    - MintegralAdSDK/BannerAd (= 8.0.7)
    - MintegralAdSDK/BidBannerAd (= 8.0.7)
    - MintegralAdSDK/BidInterstitialVideoAd (= 8.0.7)
    - MintegralAdSDK/BidNativeAd (= 8.0.7)
    - MintegralAdSDK/BidNewInterstitialAd (= 8.0.7)
    - MintegralAdSDK/BidRewardVideoAd (= 8.0.7)
    - MintegralAdSDK/InterstitialVideoAd (= 8.0.7)
    - MintegralAdSDK/NativeAd (= 8.0.7)
    - MintegralAdSDK/NewInterstitialAd (= 8.0.7)
    - MintegralAdSDK/RewardVideoAd (= 8.0.7)
  - MintegralAdSDK/BannerAd (8.0.7):
    - MintegralAdSDK/NativeAd
  - MintegralAdSDK/BidBannerAd (8.0.7):
    - MintegralAdSDK/BannerAd
    - MintegralAdSDK/BidNativeAd
  - MintegralAdSDK/BidInterstitialVideoAd (8.0.7):
    - MintegralAdSDK/BidNativeAd
    - MintegralAdSDK/InterstitialVideoAd
  - MintegralAdSDK/BidNativeAd (8.0.7):
    - MintegralAdSDK/NativeAd
  - MintegralAdSDK/BidNewInterstitialAd (8.0.7):
    - MintegralAdSDK/BidNativeAd
    - MintegralAdSDK/NewInterstitialAd
  - MintegralAdSDK/BidRewardVideoAd (8.0.7):
    - MintegralAdSDK/BidNativeAd
    - MintegralAdSDK/RewardVideoAd
  - MintegralAdSDK/InterstitialVideoAd (8.0.7):
    - MintegralAdSDK/NativeAd
  - MintegralAdSDK/NativeAd (8.0.7)
  - MintegralAdSDK/NewInterstitialAd (8.0.7):
    - MintegralAdSDK/InterstitialVideoAd
    - MintegralAdSDK/NativeAd
  - MintegralAdSDK/RewardVideoAd (8.0.7):
    - MintegralAdSDK/NativeAd
  - MintegralAdSDK/SplashAd (8.0.7):
    - MintegralAdSDK/NativeAd
  - MintegralYandexMobileAdsAdapters (8.0.7.5):
    - MintegralAdSDK (~> 8.0.7)
    - MintegralAdSDK/SplashAd (~> 8.0.7)
    - YandexMobileAds (~> 8.5.0)
  - MolocoSDKiOS (4.9.0)
  - MolocoYandexMobileAdsAdapters (4.9.0.0):
    - MolocoSDKiOS (~> 4.9.0)
    - YandexMobileAds (~> 8.5.0)
  - myTargetSDK (5.36.2):
    - myTrackerSDK (~> 3.3.0)
  - MyTargetYandexMobileAdsAdapters (5.36.2.5):
    - myTargetSDK (~> 5.36.2)
    - YandexMobileAds (~> 8.5.0)
  - myTrackerSDK (3.3.0)
  - OMSDK_Appodeal/Static (1.6.0.3)
  - PangleYandexMobileAdsAdapters (8.1.0.1):
    - Ads-Global (~> 8.1.0.8)
    - YandexMobileAds (~> 8.5.0)
  - StackModules/Core-Static (3.4.7)
  - StackModules/ProductPresentation-Static (3.4.7):
    - StackModules/Core-Static
  - StackModules/Rendering-Static (3.4.7):
    - OMSDK_Appodeal/Static (= 1.6.0.3)
    - StackModules/Core-Static
    - StackModules/ProductPresentation-Static
  - StackModules/Static (3.4.7):
    - StackModules/Core-Static
    - StackModules/ProductPresentation-Static
    - StackModules/Rendering-Static
  - StartAppSDK (4.14.0)
  - StartAppYandexMobileAdsAdapters (4.14.0.1):
    - StartAppSDK (~> 4.14.0)
    - YandexMobileAds (~> 8.5.0)
  - UnityAds (4.20.0):
    - IronSourceAdQualitySDK (< 10.0.0)
    - UnityCoherenceLib (= 0.1.0)
  - UnityAdsYandexMobileAdsAdapters (4.20.0.0):
    - UnityAds (~> 4.20.0)
    - YandexMobileAds (~> 8.5.0)
  - UnityCoherenceLib (0.1.0)
  - VungleAds (7.7.5)
  - VungleYandexMobileAdsAdapters (7.7.5.1):
    - VungleAds (~> 7.7.5)
    - YandexMobileAds (~> 8.5.0)
  - YandexMobileAds (8.5.0):
    - AppMetricaAdSupport (>= 6.6.0, ~> 6.6)
    - AppMetricaCore (>= 6.6.0, ~> 6.6)
    - AppMetricaCrashes (>= 6.6.0, ~> 6.6)
    - AppMetricaIDSync (>= 6.6.0, ~> 6.6)
    - AppMetricaLibraryAdapter (>= 6.6.0, ~> 6.6)
  - YandexMobileAdsAdMobAdapters (8.5.0.0):
    - Google-Mobile-Ads-SDK (~> 13.8.0)
    - YandexMobileAds (~> 8.5.0)
  - YandexMobileAdsMediation (8.5.0):
    - AppLovinYandexMobileAdsAdapters (= 13.6.4.0)
    - BigoADSYandexMobileAdsAdapters (= 5.0.6.5)
    - ChartboostYandexMobileAdsAdapters (= 9.13.0.1)
    - DigitalTurbineYandexMobileAdsAdapters (= 8.4.8.1)
    - GoogleYandexMobileAdsAdapters (= 13.8.0.0)
    - InMobiYandexMobileAdsAdapters (= 11.4.0.1)
    - IronSourceYandexMobileAdsAdapters (= 9.3.0.5)
    - MintegralYandexMobileAdsAdapters (= 8.0.7.5)
    - MolocoYandexMobileAdsAdapters (= 4.9.0.0)
    - MyTargetYandexMobileAdsAdapters (= 5.36.2.5)
    - PangleYandexMobileAdsAdapters (= 8.1.0.1)
    - StartAppYandexMobileAdsAdapters (= 4.14.0.1)
    - UnityAdsYandexMobileAdsAdapters (= 4.20.0.0)
    - VungleYandexMobileAdsAdapters (= 7.7.5.1)
    - YandexMobileAds (~> 8.5.0)
    - YandexMobileAdsMediationExtras (= 8.5.0)
    - zMaticooYandexMobileAdsAdapters (= 1.5.6.5)
  - YandexMobileAdsMediationExtras (8.5.0):
    - IronSourceAdMobAdapter (= 5.13.0.0)
    - IronSourceAppLovinAdapter (= 5.9.0.0)
    - IronSourceBidMachineAdapter (= 5.2.0.0)
    - IronSourceBigoAdapter (= 5.3.0.0)
    - IronSourceChartboostAdapter (= 5.6.0.0)
    - IronSourceFacebookAdapter (= 5.3.0.0)
    - IronSourceFyberAdapter (= 5.9.0.0)
    - IronSourceInMobiAdapter (= 5.8.0.0)
    - IronSourceMintegralAdapter (= 5.7.0.0)
    - IronSourceMolocoAdapter (= 5.16.0.0)
    - IronSourceMyTargetAdapter (= 5.3.0.0)
    - IronSourcePangleAdapter (= 5.28.0.0)
    - IronSourceUnityAdsAdapter (= 5.11.0.0)
    - IronSourceVungleAdapter (= 5.11.0.0)
    - IronSourceYandexMobileAdsAdapters (~> 9.3.0.5)
    - YandexMobileAds (~> 8.5.0)
  - zMaticoo (1.5.6)
  - zMaticooYandexMobileAdsAdapters (1.5.6.5):
    - YandexMobileAds (~> 8.5.0)
    - zMaticoo (~> 1.5.6)

DEPENDENCIES:
  - AppLovinYandexMobileAdsAdapters (= 13.6.4.0)
  - BigoADSYandexMobileAdsAdapters (= 5.0.6.5)
  - ChartboostYandexMobileAdsAdapters (= 9.13.0.1)
  - GoogleYandexMobileAdsAdapters (= 13.8.0.0)
  - InMobiYandexMobileAdsAdapters (= 11.4.0.1)
  - IronSourceYandexMobileAdsAdapters (= 9.3.0.5)
  - MintegralYandexMobileAdsAdapters (= 8.0.7.5)
  - MyTargetYandexMobileAdsAdapters (= 5.36.2.5)
  - PangleYandexMobileAdsAdapters (= 8.1.0.1)
  - StartAppYandexMobileAdsAdapters (= 4.14.0.1)
  - UnityAdsYandexMobileAdsAdapters (= 4.20.0.0)
  - VungleYandexMobileAdsAdapters (= 7.7.5.1)
  - YandexMobileAds (= 8.5.0)
  - YandexMobileAdsAdMobAdapters (= 8.5.0.0)
  - YandexMobileAdsMediation (= 8.5.0)
  - zMaticooYandexMobileAdsAdapters (= 1.5.6.5)

SPEC REPOS:
  trunk:
    - Ads-Global
    - AppLovinSDK
    - AppLovinYandexMobileAdsAdapters
    - AppMetricaAdSupport
    - AppMetricaCore
    - AppMetricaCoreExtension
    - AppMetricaCoreUtils
    - AppMetricaCrashes
    - AppMetricaEncodingUtils
    - AppMetricaFMDB
    - AppMetricaHostState
    - AppMetricaIdentifiers
    - AppMetricaIDSync
    - AppMetricaKeychain
    - AppMetricaLibraryAdapter
    - AppMetricaLog
    - AppMetricaLogSwift
    - AppMetricaNetwork
    - AppMetricaPlatform
    - AppMetricaProtobuf
    - AppMetricaProtobufUtils
    - AppMetricaStorageUtils
    - AppMetricaSynchronization
    - BidMachine
    - BigoADS
    - BigoADSYandexMobileAdsAdapters
    - ChartboostSDK
    - ChartboostYandexMobileAdsAdapters
    - DigitalTurbineYandexMobileAdsAdapters
    - FBAudienceNetwork
    - Fyber_Marketplace_SDK
    - Google-Mobile-Ads-SDK
    - GoogleUserMessagingPlatform
    - GoogleYandexMobileAdsAdapters
    - InMobiSDK
    - InMobiYandexMobileAdsAdapters
    - IronSourceAdMobAdapter
    - IronSourceAdQualitySDK
    - IronSourceAppLovinAdapter
    - IronSourceBidMachineAdapter
    - IronSourceBigoAdapter
    - IronSourceChartboostAdapter
    - IronSourceFacebookAdapter
    - IronSourceFyberAdapter
    - IronSourceInMobiAdapter
    - IronSourceMintegralAdapter
    - IronSourceMolocoAdapter
    - IronSourceMyTargetAdapter
    - IronSourcePangleAdapter
    - IronSourceSDK
    - IronSourceUnityAdsAdapter
    - IronSourceVungleAdapter
    - IronSourceYandexMobileAdsAdapters
    - KSCrash
    - MintegralAdSDK
    - MintegralYandexMobileAdsAdapters
    - MolocoSDKiOS
    - MolocoYandexMobileAdsAdapters
    - myTargetSDK
    - MyTargetYandexMobileAdsAdapters
    - myTrackerSDK
    - OMSDK_Appodeal
    - PangleYandexMobileAdsAdapters
    - StackModules
    - StartAppSDK
    - StartAppYandexMobileAdsAdapters
    - UnityAds
    - UnityAdsYandexMobileAdsAdapters
    - UnityCoherenceLib
    - VungleAds
    - VungleYandexMobileAdsAdapters
    - YandexMobileAds
    - YandexMobileAdsAdMobAdapters
    - YandexMobileAdsMediation
    - YandexMobileAdsMediationExtras
    - zMaticoo
    - zMaticooYandexMobileAdsAdapters

SPEC CHECKSUMS:
  Ads-Global: 923f832068494fb7c246a747a8763a134361e84a
  AppLovinSDK: 730be87bac90c5b0f7d507c3a2530213f7685370
  AppLovinYandexMobileAdsAdapters: 11a98bba39f6c0eb2931a583b352f928cface654
  AppMetricaAdSupport: d7b09222d59c2b43555e9fe55ff290467e13f1cf
  AppMetricaCore: ee40e9eae7c7e8a060f4b05c973210c3ec837e07
  AppMetricaCoreExtension: 197bfaa429c87b4ff3e8f9be873876f3b92179a1
  AppMetricaCoreUtils: a3c50fa386b163f1ce5bcdec830db89d9f436302
  AppMetricaCrashes: 71b39289ef6779ecebee7e40b0abc01829f60238
  AppMetricaEncodingUtils: 5b3826ab7b542fc3a89599d5fb6828b9999adb58
  AppMetricaFMDB: 51552a8ddf618f94e180d000d0d1cbb71a436572
  AppMetricaHostState: 5b4893ac02f8cf91d9ccf35651f973436494945c
  AppMetricaIdentifiers: 172675383cd2ea5a1cee8dcf7d8fbde3a692d0c6
  AppMetricaIDSync: 21e093b8b9b48a0c4487503326905dcd20a76603
  AppMetricaKeychain: eda7cd31463ef2e866d759b84b5f8e15d98fb94a
  AppMetricaLibraryAdapter: 0e3a1617f4542869eae2b46ab72cc9d0f657427c
  AppMetricaLog: 0966451d6a00b1bd137b7f45c6db5422989cedbe
  AppMetricaLogSwift: a10f76cfce1f874313c067481d7259061e045b52
  AppMetricaNetwork: 531abb5e03e689a6d4dfb2fca119b47e5465aa9a
  AppMetricaPlatform: a26ccc81cea64ba7467c9fe6d28d6047c05784b1
  AppMetricaProtobuf: eaeb5c658c3bae23ff96a885232ee2ebe6217ce8
  AppMetricaProtobufUtils: f6560ef1796495666cbeb3a5adafaa1febce7ba7
  AppMetricaStorageUtils: 1fff51169752ab3c1874da4007484eb008ae5e3d
  AppMetricaSynchronization: 788685a4273a36dcf9566085c0b1af6d436f861c
  BidMachine: 72ab9109a450e688aa83cb54800b484a9e42ae64
  BigoADS: 2aea8022bb285ebc1794ab2312858b5062a3a113
  BigoADSYandexMobileAdsAdapters: 14c13511c4669942f1f98e584f187ac40b31b05e
  ChartboostSDK: 81532d47ab51e7004f264d8736c3672751ac7d60
  ChartboostYandexMobileAdsAdapters: d95e318187dbfd2b65b04ab439b9cd1824d1a71e
  DigitalTurbineYandexMobileAdsAdapters: 405acd6c1e1f5c113c4c5c6743b328a7d0f18e18
  FBAudienceNetwork: 85d18a65c9e35bc426bd4664cf3ae2a1172d7b60
  Fyber_Marketplace_SDK: ebf29e2fd31f1045cbf28244f558076335ddfd25
  Google-Mobile-Ads-SDK: 9818000c50be41d5289dff425c7e3338cfbf323d
  GoogleUserMessagingPlatform: befe603da6501006420c206222acd449bba45a9c
  GoogleYandexMobileAdsAdapters: f5dd83fea8fdee57714fbca74a3f5f63f68f9b5d
  InMobiSDK: c04596a22569a0436400c5be989b2fcdfa5b4e64
  InMobiYandexMobileAdsAdapters: 29b91760f518b8bfe5506bb408f1b4f0b7b9cb03
  IronSourceAdMobAdapter: fed3f56d0612825807c8b816142b75bf29be9066
  IronSourceAdQualitySDK: 8797f78661d72fc2bef00e8c1055047132dc7249
  IronSourceAppLovinAdapter: 54813b409004a0dd83b7dd03cdfcf337201f599d
  IronSourceBidMachineAdapter: 3d97900586e01440f0cb650109c046e6efeeef24
  IronSourceBigoAdapter: 64e36097a7ef57fedfd38d0b6b83ef6a14a9c9f4
  IronSourceChartboostAdapter: f78e8cb3fa3f94c0738fc74d6d5cb565b834b1cd
  IronSourceFacebookAdapter: 0db92832189d8e83a1b38724f9c5fc4263f63f4b
  IronSourceFyberAdapter: 32dfc72aadaf6210bda4561e40eaa1d558f7ffa6
  IronSourceInMobiAdapter: d4957b4c843e1916931edfbf7f202b870faed2a3
  IronSourceMintegralAdapter: 315b483ca89c243e2aeca0c64ea58debe73449fa
  IronSourceMolocoAdapter: 63385d213ed80a630d41fe86222509ad766318b8
  IronSourceMyTargetAdapter: 5279f793981296a80bd5344a5f99a037b5e6c549
  IronSourcePangleAdapter: 9ddeb8cb4b57b60da5f57f78706bd5be4c6d633f
  IronSourceSDK: cf3c53eac9d593679da6f89c97bd9f1655903a7f
  IronSourceUnityAdsAdapter: 8c4a310068c40301f486ee6646d8a103dfcc6a0f
  IronSourceVungleAdapter: 2d27821e54a334c7c2cc3a5ea6bf14d0fe9a26a8
  IronSourceYandexMobileAdsAdapters: 4d4d63fba645ae31fdd7057395d74e689a56bc2e
  KSCrash: 8c4464fd5da7de520f2ce4a00fdf63f169a80f18
  MintegralAdSDK: 9fde3aa7b739121e4e76ae83bcc612a4af27d7e5
  MintegralYandexMobileAdsAdapters: 5891d545063a528dc79e2ff9685c00d35bff2aed
  MolocoSDKiOS: 71aef165dee39c9ec21501bf16a5d6ed628186a3
  MolocoYandexMobileAdsAdapters: cec3dc668ae0007eb13e72daca727bf86034536d
  myTargetSDK: da3e099a87540587a5a5f1fa6f5636e13fd84086
  MyTargetYandexMobileAdsAdapters: 1b656badd5666a0276a2fb81b91e9e5245cd10ee
  myTrackerSDK: 50f2ca5ca7a6aec2661f378b7441a85e15f2af29
  OMSDK_Appodeal: 907fdbc78ac0c6dfccb14b69a81302899dc536c9
  PangleYandexMobileAdsAdapters: 951efafbb5ceb94714ace5172d3d61a1bc985abd
  StackModules: 53abb3789ff65603857a7157efaac07e860cb34d
  StartAppSDK: 3b89bb3dbcce1b20edf37fab7b61fe500273f5a1
  StartAppYandexMobileAdsAdapters: 9187ce79f3be0cceb16a9376b1df490a742ad117
  UnityAds: aac7752619961224969a1bfea8b5077d2b93005f
  UnityAdsYandexMobileAdsAdapters: 5e27a4152fa89984b2ed57d8a0a05257c9475080
  UnityCoherenceLib: d9be08c5b9c2880cb220c7ecd643f97ebda422b7
  VungleAds: b6185aea2a848620d2d6af47f7314420a2774f49
  VungleYandexMobileAdsAdapters: 50176fdac39b1372a08373cb3a1b909c8704166d
  YandexMobileAds: eb1fafc9a8383102d896277977378984a0b63f90
  YandexMobileAdsAdMobAdapters: ffa8f14c241f5a4cfb99f0c30aa8de1a37067e3c
  YandexMobileAdsMediation: 75fe46058a743be4ada830627daeee512355c783
  YandexMobileAdsMediationExtras: cb35e98ba96f9301d4e0ed9384057a29a354f164
  zMaticoo: d33bd88817532aeb4aef580011d43a0a418767b5
  zMaticooYandexMobileAdsAdapters: 897765c2e47c1c76b3dfb3b86c5246e0e96b9f53

PODFILE CHECKSUM: 54386ce010f61320db76cd1fcaba2f385d2830d5

COCOAPODS: 1.16.2
