PODS:
  - AppMetricaAdSupport (6.0.0):
    - AppMetricaCore (= 6.0.0)
    - AppMetricaCoreExtension (= 6.0.0)
  - AppMetricaCore (6.0.0):
    - AppMetricaCoreUtils (= 6.0.0)
    - AppMetricaEncodingUtils (= 6.0.0)
    - AppMetricaFMDB (= 6.0.0)
    - AppMetricaHostState (= 6.0.0)
    - AppMetricaIdentifiers (= 6.0.0)
    - AppMetricaKeychain (= 6.0.0)
    - AppMetricaLog (= 6.0.0)
    - AppMetricaNetwork (= 6.0.0)
    - AppMetricaPlatform (= 6.0.0)
    - AppMetricaProtobuf (= 6.0.0)
    - AppMetricaProtobufUtils (= 6.0.0)
    - AppMetricaStorageUtils (= 6.0.0)
  - AppMetricaCoreExtension (6.0.0):
    - AppMetricaCore (= 6.0.0)
    - AppMetricaStorageUtils (= 6.0.0)
  - AppMetricaCoreUtils (6.0.0):
    - AppMetricaLog (= 6.0.0)
  - AppMetricaEncodingUtils (6.0.0):
    - AppMetricaCoreUtils (= 6.0.0)
    - AppMetricaLog (= 6.0.0)
    - AppMetricaPlatform (= 6.0.0)
  - AppMetricaFMDB (6.0.0)
  - AppMetricaHostState (6.0.0):
    - AppMetricaCoreUtils (= 6.0.0)
    - AppMetricaLog (= 6.0.0)
  - AppMetricaIdentifiers (6.0.0):
    - AppMetricaKeychain (= 6.0.0)
    - AppMetricaLogSwift (= 6.0.0)
    - AppMetricaPlatform (= 6.0.0)
    - AppMetricaStorageUtils (= 6.0.0)
    - AppMetricaSynchronization (= 6.0.0)
  - AppMetricaIDSync (6.0.0):
    - AppMetricaCore (= 6.0.0)
    - AppMetricaCoreExtension (= 6.0.0)
    - AppMetricaCoreUtils (= 6.0.0)
    - AppMetricaLog (= 6.0.0)
    - AppMetricaNetwork (= 6.0.0)
    - AppMetricaPlatform (= 6.0.0)
    - AppMetricaStorageUtils (= 6.0.0)
  - AppMetricaKeychain (6.0.0):
    - AppMetricaCoreUtils (= 6.0.0)
    - AppMetricaLog (= 6.0.0)
    - AppMetricaStorageUtils (= 6.0.0)
  - AppMetricaLibraryAdapter (6.0.0):
    - AppMetricaCore (= 6.0.0)
    - AppMetricaCoreExtension (= 6.0.0)
  - AppMetricaLog (6.0.0)
  - AppMetricaLogSwift (6.0.0):
    - AppMetricaLog (= 6.0.0)
  - AppMetricaNetwork (6.0.0):
    - AppMetricaCoreUtils (= 6.0.0)
    - AppMetricaLog (= 6.0.0)
    - AppMetricaPlatform (= 6.0.0)
  - AppMetricaPlatform (6.0.0):
    - AppMetricaCoreUtils (= 6.0.0)
    - AppMetricaLog (= 6.0.0)
  - AppMetricaProtobuf (6.0.0)
  - AppMetricaProtobufUtils (6.0.0):
    - AppMetricaProtobuf (= 6.0.0)
  - AppMetricaStorageUtils (6.0.0):
    - AppMetricaCoreUtils (= 6.0.0)
    - AppMetricaLog (= 6.0.0)
  - AppMetricaSynchronization (6.0.0):
    - AppMetricaLogSwift (= 6.0.0)
  - DivKit (32.48.0):
    - DivKit_LayoutKit (= 32.48.0)
    - DivKit_Serialization (= 32.48.0)
    - VGSL (~> 7.21)
  - DivKit_LayoutKit (32.48.0):
    - DivKit_LayoutKitInterface (= 32.48.0)
    - VGSL (~> 7.21)
  - DivKit_LayoutKitInterface (32.48.0):
    - VGSL (~> 7.21)
  - DivKit_Serialization (32.48.0):
    - VGSL (~> 7.21)
  - DivKitBinaryCompatibilityFacade (5.3.0):
    - DivKit (~> 32.14)
  - VGSL (7.21.0):
    - VGSLFundamentals (= 7.21.0)
    - VGSLNetworking (= 7.21.0)
    - VGSLUI (= 7.21.0)
  - VGSLFundamentals (7.21.0)
  - VGSLNetworking (7.21.0):
    - VGSLFundamentals (= 7.21.0)
    - VGSLUI (= 7.21.0)
  - VGSLUI (7.21.0):
    - VGSLFundamentals (= 7.21.0)
  - YandexMobileAds (8.0.0):
    - AppMetricaAdSupport (~> 6.0.0)
    - AppMetricaCore (~> 6.0.0)
    - AppMetricaIDSync (~> 6.0.0)
    - AppMetricaLibraryAdapter (~> 6.0.0)
    - DivKitBinaryCompatibilityFacade (~> 5.3.0)

DEPENDENCIES:
  - YandexMobileAds (= 8.0.0)

SPEC REPOS:
  trunk:
    - AppMetricaAdSupport
    - AppMetricaCore
    - AppMetricaCoreExtension
    - AppMetricaCoreUtils
    - AppMetricaEncodingUtils
    - AppMetricaFMDB
    - AppMetricaHostState
    - AppMetricaIdentifiers
    - AppMetricaIDSync
    - AppMetricaKeychain
    - AppMetricaLibraryAdapter
    - AppMetricaLog
    - AppMetricaLogSwift
    - AppMetricaNetwork
    - AppMetricaPlatform
    - AppMetricaProtobuf
    - AppMetricaProtobufUtils
    - AppMetricaStorageUtils
    - AppMetricaSynchronization
    - DivKit
    - DivKit_LayoutKit
    - DivKit_LayoutKitInterface
    - DivKit_Serialization
    - DivKitBinaryCompatibilityFacade
    - VGSL
    - VGSLFundamentals
    - VGSLNetworking
    - VGSLUI
    - YandexMobileAds

SPEC CHECKSUMS:
  AppMetricaAdSupport: 43a4d1509cdbfe712fb3f009fe60d3a6481816a0
  AppMetricaCore: dae62fe7f95cd665b142218f3d94cf63262c195b
  AppMetricaCoreExtension: 72da13ba849d4676f276ab86ff429bdf700eadc3
  AppMetricaCoreUtils: 5e7c91cbafe0225dec2ded2bb3a806256e2ef791
  AppMetricaEncodingUtils: a67df57f752dbbb174beea18f1de52d24853d834
  AppMetricaFMDB: a3d8e45a5a85bec23a997be4469b92ab355a4df5
  AppMetricaHostState: 1ac2ab5880aa30a358f55a044e57354dd8f9062f
  AppMetricaIdentifiers: 00061e0cdcb371b74343a5491f54adfc1d470b25
  AppMetricaIDSync: 91b403172ad78da3574c691ed34c25f69c2296ee
  AppMetricaKeychain: 9ec64d877b8a3f6e823f3bbeef5e4086aa456686
  AppMetricaLibraryAdapter: 56fa0f988850051d10f9ac3b6b9ace7bb6aa8fd7
  AppMetricaLog: edd74df81c7557439c36c566989982f4c735e4d6
  AppMetricaLogSwift: 3d2d4a3cbc33a680389b416a1c6a82ef4134da10
  AppMetricaNetwork: 3dc6d768d4e932c3697c9c2c9a768de54e62059b
  AppMetricaPlatform: 041a7b251ea1689e26626d9db8f331af1afe5bad
  AppMetricaProtobuf: 01b141a164fa7277f641a29f30d5e571ea3d471a
  AppMetricaProtobufUtils: dc48c7b84f3a1ef86ea218bbd97480ea9da4d3bc
  AppMetricaStorageUtils: 78071115b9f5468d9e3b8184c456428cd9ee1dbd
  AppMetricaSynchronization: 909bab97c61c0c147a435ce1620e4c8069e2d6b3
  DivKit: bc99067906bf0b9d311927eb0022e8869ad15e96
  DivKit_LayoutKit: 5a49e12cdd7086ceb04b5a9fa9ddb619ce7fba8d
  DivKit_LayoutKitInterface: 750ce3e13d377b5dcc63a84e34bfee94a739d2d5
  DivKit_Serialization: fc0d8dfa3b0b3c34035751c841ea3c5b601f7ee3
  DivKitBinaryCompatibilityFacade: fc2284a2edea4d65aa0966006ea63274eb9f721b
  VGSL: 0573c2b82b05aadcba4836398ce3778d271bfd13
  VGSLFundamentals: 3a081684c1a5df5800bf88aca8a9bdff2c10cfd9
  VGSLNetworking: 0ea8a335bc4f4eba3f6123ffe441cf1c08f267f2
  VGSLUI: 249a16cccdb75f1a5a1733894d013bca76e27c5e
  YandexMobileAds: ca6c63c4148ae87fefc1821d0b466ea567069d5b

PODFILE CHECKSUM: 74a0e89a3de68ff10375b64802fc38159a21772e

COCOAPODS: 1.16.2
